{
  "version": 4,
  "terraform_version": "0.12.18",
  "serial": 28,
  "lineage": "601186bf-644a-7bad-3073-fba5ed509c8c",
  "outputs": {},
  "resources": [
    {
      "mode": "managed",
      "type": "aws_elb",
      "name": "morning-elb",
      "provider": "provider.aws",
      "instances": [
        {
          "schema_version": 0,
          "attributes": {
            "access_logs": [],
            "arn": "arn:aws:elasticloadbalancing:ap-south-1:671609384939:loadbalancer/morning-elb",
            "availability_zones": [
              "ap-south-1a",
              "ap-south-1b"
            ],
            "connection_draining": true,
            "connection_draining_timeout": 300,
            "cross_zone_load_balancing": true,
            "dns_name": "morning-elb-2046929.ap-south-1.elb.amazonaws.com",
            "health_check": [
              {
                "healthy_threshold": 2,
                "interval": 35,
                "target": "HTTP:80/",
                "timeout": 5,
                "unhealthy_threshold": 2
              }
            ],
            "id": "morning-elb",
            "idle_timeout": 300,
            "instances": [
              "i-035849b17af06f729",
              "i-08e05227762f4fd7f"
            ],
            "internal": false,
            "listener": [
              {
                "instance_port": 80,
                "instance_protocol": "http",
                "lb_port": 80,
                "lb_protocol": "http",
                "ssl_certificate_id": ""
              }
            ],
            "name": "morning-elb",
            "name_prefix": null,
            "security_groups": [
              "sg-00d79675a83991141"
            ],
            "source_security_group": "671609384939/default_elb_a4595dd9-0f8a-37ed-9072-a5264168f022",
            "source_security_group_id": "sg-00d79675a83991141",
            "subnets": [
              "subnet-16b4845c",
              "subnet-76da2b1f"
            ],
            "tags": {
              "Name": "morning-terraform-elb"
            },
            "zone_id": "ZP97RAFLXTNZK"
          },
          "private": "bnVsbA==",
          "dependencies": [
            "aws_instance.good-morning",
            "aws_instance.good-morning2",
            "aws_security_group.nilesh-ssh-http"
          ]
        }
      ]
    },
    {
      "mode": "managed",
      "type": "aws_instance",
      "name": "good-morning",
      "provider": "provider.aws",
      "instances": [
        {
          "schema_version": 1,
          "attributes": {
            "ami": "ami-5b673c34",
            "arn": "arn:aws:ec2:ap-south-1:671609384939:instance/i-08e05227762f4fd7f",
            "associate_public_ip_address": true,
            "availability_zone": "ap-south-1a",
            "cpu_core_count": 1,
            "cpu_threads_per_core": 1,
            "credit_specification": [
              {
                "cpu_credits": "standard"
              }
            ],
            "disable_api_termination": false,
            "ebs_block_device": [],
            "ebs_optimized": false,
            "ephemeral_block_device": [],
            "get_password_data": false,
            "host_id": null,
            "iam_instance_profile": "",
            "id": "i-08e05227762f4fd7f",
            "instance_initiated_shutdown_behavior": null,
            "instance_state": "running",
            "instance_type": "t2.micro",
            "ipv6_address_count": 0,
            "ipv6_addresses": [],
            "key_name": "zoomkey",
            "monitoring": false,
            "network_interface": [],
            "network_interface_id": null,
            "password_data": "",
            "placement_group": "",
            "primary_network_interface_id": "eni-006b3908a0a673e38",
            "private_dns": "ip-172-31-25-202.ap-south-1.compute.internal",
            "private_ip": "172.31.25.202",
            "public_dns": "ec2-35-154-31-157.ap-south-1.compute.amazonaws.com",
            "public_ip": "35.154.31.157",
            "root_block_device": [
              {
                "delete_on_termination": true,
                "encrypted": false,
                "iops": 100,
                "kms_key_id": "",
                "volume_id": "vol-0d553febc35701490",
                "volume_size": 10,
                "volume_type": "gp2"
              }
            ],
            "security_groups": [
              "nilesh-ssh-http"
            ],
            "source_dest_check": true,
            "subnet_id": "subnet-76da2b1f",
            "tags": {
              "Name": "webserver1"
            },
            "tenancy": "default",
            "timeouts": null,
            "user_data": "3a1f4740fd684c99a9422ccb48fc3e9201854b53",
            "user_data_base64": null,
            "volume_tags": {},
            "vpc_security_group_ids": [
              "sg-021de2f841170c91e"
            ]
          },
          "private": "eyJlMmJmYjczMC1lY2FhLTExZTYtOGY4OC0zNDM2M2JjN2M0YzAiOnsiY3JlYXRlIjo2MDAwMDAwMDAwMDAsImRlbGV0ZSI6MTIwMDAwMDAwMDAwMCwidXBkYXRlIjo2MDAwMDAwMDAwMDB9LCJzY2hlbWFfdmVyc2lvbiI6IjEifQ==",
          "dependencies": [
            "aws_security_group.nilesh-ssh-http"
          ]
        }
      ]
    },
    {
      "mode": "managed",
      "type": "aws_instance",
      "name": "good-morning2",
      "provider": "provider.aws",
      "instances": [
        {
          "schema_version": 1,
          "attributes": {
            "ami": "ami-5b673c34",
            "arn": "arn:aws:ec2:ap-south-1:671609384939:instance/i-035849b17af06f729",
            "associate_public_ip_address": true,
            "availability_zone": "ap-south-1b",
            "cpu_core_count": 1,
            "cpu_threads_per_core": 1,
            "credit_specification": [
              {
                "cpu_credits": "standard"
              }
            ],
            "disable_api_termination": false,
            "ebs_block_device": [],
            "ebs_optimized": false,
            "ephemeral_block_device": [],
            "get_password_data": false,
            "host_id": null,
            "iam_instance_profile": "",
            "id": "i-035849b17af06f729",
            "instance_initiated_shutdown_behavior": null,
            "instance_state": "running",
            "instance_type": "t2.micro",
            "ipv6_address_count": 0,
            "ipv6_addresses": [],
            "key_name": "zoomkey",
            "monitoring": false,
            "network_interface": [],
            "network_interface_id": null,
            "password_data": "",
            "placement_group": "",
            "primary_network_interface_id": "eni-0df9ac6041f4b5733",
            "private_dns": "ip-172-31-12-161.ap-south-1.compute.internal",
            "private_ip": "172.31.12.161",
            "public_dns": "ec2-13-233-79-191.ap-south-1.compute.amazonaws.com",
            "public_ip": "13.233.79.191",
            "root_block_device": [
              {
                "delete_on_termination": true,
                "encrypted": false,
                "iops": 100,
                "kms_key_id": "",
                "volume_id": "vol-0b817faa8e49514d6",
                "volume_size": 10,
                "volume_type": "gp2"
              }
            ],
            "security_groups": [
              "nilesh-ssh-http"
            ],
            "source_dest_check": true,
            "subnet_id": "subnet-16b4845c",
            "tags": {
              "Name": "webserver2"
            },
            "tenancy": "default",
            "timeouts": null,
            "user_data": "31a8b2a741be63165b667966d4426a7854dfa791",
            "user_data_base64": null,
            "volume_tags": {},
            "vpc_security_group_ids": [
              "sg-021de2f841170c91e"
            ]
          },
          "private": "eyJlMmJmYjczMC1lY2FhLTExZTYtOGY4OC0zNDM2M2JjN2M0YzAiOnsiY3JlYXRlIjo2MDAwMDAwMDAwMDAsImRlbGV0ZSI6MTIwMDAwMDAwMDAwMCwidXBkYXRlIjo2MDAwMDAwMDAwMDB9LCJzY2hlbWFfdmVyc2lvbiI6IjEifQ==",
          "dependencies": [
            "aws_security_group.nilesh-ssh-http"
          ]
        }
      ]
    },
    {
      "mode": "managed",
      "type": "aws_security_group",
      "name": "nilesh-ssh-http",
      "provider": "provider.aws",
      "instances": [
        {
          "schema_version": 1,
          "attributes": {
            "arn": "arn:aws:ec2:ap-south-1:671609384939:security-group/sg-021de2f841170c91e",
            "description": "allow http and ssh traffic",
            "egress": [
              {
                "cidr_blocks": [
                  "0.0.0.0/0"
                ],
                "description": "",
                "from_port": 0,
                "ipv6_cidr_blocks": [],
                "prefix_list_ids": [],
                "protocol": "-1",
                "security_groups": [],
                "self": false,
                "to_port": 0
              }
            ],
            "id": "sg-021de2f841170c91e",
            "ingress": [
              {
                "cidr_blocks": [
                  "0.0.0.0/0"
                ],
                "description": "",
                "from_port": 22,
                "ipv6_cidr_blocks": [],
                "prefix_list_ids": [],
                "protocol": "tcp",
                "security_groups": [],
                "self": false,
                "to_port": 22
              },
              {
                "cidr_blocks": [
                  "0.0.0.0/0"
                ],
                "description": "",
                "from_port": 80,
                "ipv6_cidr_blocks": [],
                "prefix_list_ids": [],
                "protocol": "tcp",
                "security_groups": [],
                "self": false,
                "to_port": 80
              }
            ],
            "name": "nilesh-ssh-http",
            "name_prefix": null,
            "owner_id": "671609384939",
            "revoke_rules_on_delete": false,
            "tags": null,
            "timeouts": null,
            "vpc_id": "vpc-3345b25a"
          },
          "private": "eyJlMmJmYjczMC1lY2FhLTExZTYtOGY4OC0zNDM2M2JjN2M0YzAiOnsiY3JlYXRlIjo2MDAwMDAwMDAwMDAsImRlbGV0ZSI6NjAwMDAwMDAwMDAwfSwic2NoZW1hX3ZlcnNpb24iOiIxIn0="
        }
      ]
    }
  ]
}
