{
  "version": 4,
  "terraform_version": "0.12.18",
  "serial": 52,
  "lineage": "601186bf-644a-7bad-3073-fba5ed509c8c",
  "outputs": {},
  "resources": [
    {
      "module": "module.networknuts_webserver1",
      "mode": "managed",
      "type": "aws_instance",
      "name": "our-webserver",
      "provider": "provider.aws",
      "instances": [
        {
          "schema_version": 1,
          "attributes": {
            "ami": "ami-5b673c34",
            "arn": "arn:aws:ec2:ap-south-1:671609384939:instance/i-05aa086515cb152b8",
            "associate_public_ip_address": true,
            "availability_zone": "ap-south-1b",
            "cpu_core_count": 1,
            "cpu_threads_per_core": 1,
            "credit_specification": [
              {
                "cpu_credits": "standard"
              }
            ],
            "disable_api_termination": false,
            "ebs_block_device": [],
            "ebs_optimized": false,
            "ephemeral_block_device": [],
            "get_password_data": false,
            "host_id": null,
            "iam_instance_profile": "",
            "id": "i-05aa086515cb152b8",
            "instance_initiated_shutdown_behavior": null,
            "instance_state": "running",
            "instance_type": "t2.small",
            "ipv6_address_count": 0,
            "ipv6_addresses": [],
            "key_name": "zoomkey",
            "monitoring": false,
            "network_interface": [],
            "network_interface_id": null,
            "password_data": "",
            "placement_group": "",
            "primary_network_interface_id": "eni-03794235075668986",
            "private_dns": "ip-172-31-13-243.ap-south-1.compute.internal",
            "private_ip": "172.31.13.243",
            "public_dns": "ec2-13-232-2-199.ap-south-1.compute.amazonaws.com",
            "public_ip": "13.232.2.199",
            "root_block_device": [
              {
                "delete_on_termination": true,
                "encrypted": false,
                "iops": 100,
                "kms_key_id": "",
                "volume_id": "vol-08d12026d68b987c7",
                "volume_size": 10,
                "volume_type": "gp2"
              }
            ],
            "security_groups": [
              "default"
            ],
            "source_dest_check": true,
            "subnet_id": "subnet-16b4845c",
            "tags": {
              "Name": "nilesh webserver1"
            },
            "tenancy": "default",
            "timeouts": null,
            "user_data": "62aa8d199ed7df11a4cda96c3867bbfa8bf8d4ee",
            "user_data_base64": null,
            "volume_tags": {},
            "vpc_security_group_ids": [
              "sg-6678810f"
            ]
          },
          "private": "eyJlMmJmYjczMC1lY2FhLTExZTYtOGY4OC0zNDM2M2JjN2M0YzAiOnsiY3JlYXRlIjo2MDAwMDAwMDAwMDAsImRlbGV0ZSI6MTIwMDAwMDAwMDAwMCwidXBkYXRlIjo2MDAwMDAwMDAwMDB9LCJzY2hlbWFfdmVyc2lvbiI6IjEifQ=="
        }
      ]
    },
    {
      "module": "module.networknuts_webserver2",
      "mode": "managed",
      "type": "aws_instance",
      "name": "our-webserver",
      "provider": "provider.aws",
      "instances": [
        {
          "schema_version": 1,
          "attributes": {
            "ami": "ami-5b673c34",
            "arn": "arn:aws:ec2:ap-south-1:671609384939:instance/i-0ca20c3a726ca2535",
            "associate_public_ip_address": true,
            "availability_zone": "ap-south-1b",
            "cpu_core_count": 1,
            "cpu_threads_per_core": 1,
            "credit_specification": [
              {
                "cpu_credits": "standard"
              }
            ],
            "disable_api_termination": false,
            "ebs_block_device": [],
            "ebs_optimized": false,
            "ephemeral_block_device": [],
            "get_password_data": false,
            "host_id": null,
            "iam_instance_profile": "",
            "id": "i-0ca20c3a726ca2535",
            "instance_initiated_shutdown_behavior": null,
            "instance_state": "running",
            "instance_type": "t2.small",
            "ipv6_address_count": 0,
            "ipv6_addresses": [],
            "key_name": "zoomkey",
            "monitoring": false,
            "network_interface": [],
            "network_interface_id": null,
            "password_data": "",
            "placement_group": "",
            "primary_network_interface_id": "eni-0225f0461fb1aa4a5",
            "private_dns": "ip-172-31-3-96.ap-south-1.compute.internal",
            "private_ip": "172.31.3.96",
            "public_dns": "ec2-13-233-156-142.ap-south-1.compute.amazonaws.com",
            "public_ip": "13.233.156.142",
            "root_block_device": [
              {
                "delete_on_termination": true,
                "encrypted": false,
                "iops": 100,
                "kms_key_id": "",
                "volume_id": "vol-01252253dcdf88e43",
                "volume_size": 10,
                "volume_type": "gp2"
              }
            ],
            "security_groups": [
              "default"
            ],
            "source_dest_check": true,
            "subnet_id": "subnet-16b4845c",
            "tags": {
              "Name": "nilesh webserver2"
            },
            "tenancy": "default",
            "timeouts": null,
            "user_data": "62aa8d199ed7df11a4cda96c3867bbfa8bf8d4ee",
            "user_data_base64": null,
            "volume_tags": {},
            "vpc_security_group_ids": [
              "sg-6678810f"
            ]
          },
          "private": "eyJlMmJmYjczMC1lY2FhLTExZTYtOGY4OC0zNDM2M2JjN2M0YzAiOnsiY3JlYXRlIjo2MDAwMDAwMDAwMDAsImRlbGV0ZSI6MTIwMDAwMDAwMDAwMCwidXBkYXRlIjo2MDAwMDAwMDAwMDB9LCJzY2hlbWFfdmVyc2lvbiI6IjEifQ=="
        }
      ]
    },
    {
      "module": "module.networknuts_webserver1",
      "mode": "managed",
      "type": "aws_security_group",
      "name": "nilesh-ssh-http",
      "provider": "provider.aws",
      "instances": [
        {
          "schema_version": 1,
          "attributes": {
            "arn": "arn:aws:ec2:ap-south-1:671609384939:security-group/sg-054d684999a1032d1",
            "description": "allow http and ssh traffic",
            "egress": [
              {
                "cidr_blocks": [
                  "0.0.0.0/0"
                ],
                "description": "",
                "from_port": 0,
                "ipv6_cidr_blocks": [],
                "prefix_list_ids": [],
                "protocol": "-1",
                "security_groups": [],
                "self": false,
                "to_port": 0
              }
            ],
            "id": "sg-054d684999a1032d1",
            "ingress": [
              {
                "cidr_blocks": [
                  "0.0.0.0/0"
                ],
                "description": "",
                "from_port": 22,
                "ipv6_cidr_blocks": [],
                "prefix_list_ids": [],
                "protocol": "tcp",
                "security_groups": [],
                "self": false,
                "to_port": 22
              },
              {
                "cidr_blocks": [
                  "0.0.0.0/0"
                ],
                "description": "",
                "from_port": 80,
                "ipv6_cidr_blocks": [],
                "prefix_list_ids": [],
                "protocol": "tcp",
                "security_groups": [],
                "self": false,
                "to_port": 80
              }
            ],
            "name": "nilesh webserver1 http by terraform",
            "name_prefix": null,
            "owner_id": "671609384939",
            "revoke_rules_on_delete": false,
            "tags": {},
            "timeouts": null,
            "vpc_id": "vpc-059bc6faffe0a61a9"
          },
          "private": "eyJlMmJmYjczMC1lY2FhLTExZTYtOGY4OC0zNDM2M2JjN2M0YzAiOnsiY3JlYXRlIjo2MDAwMDAwMDAwMDAsImRlbGV0ZSI6NjAwMDAwMDAwMDAwfSwic2NoZW1hX3ZlcnNpb24iOiIxIn0=",
          "dependencies": [
            "aws_vpc.vpc_by_terra"
          ]
        }
      ]
    },
    {
      "module": "module.networknuts_webserver2",
      "mode": "managed",
      "type": "aws_security_group",
      "name": "nilesh-ssh-http",
      "provider": "provider.aws",
      "instances": [
        {
          "schema_version": 1,
          "attributes": {
            "arn": "arn:aws:ec2:ap-south-1:671609384939:security-group/sg-00796a93765a93090",
            "description": "allow http and ssh traffic",
            "egress": [
              {
                "cidr_blocks": [
                  "0.0.0.0/0"
                ],
                "description": "",
                "from_port": 0,
                "ipv6_cidr_blocks": [],
                "prefix_list_ids": [],
                "protocol": "-1",
                "security_groups": [],
                "self": false,
                "to_port": 0
              }
            ],
            "id": "sg-00796a93765a93090",
            "ingress": [
              {
                "cidr_blocks": [
                  "0.0.0.0/0"
                ],
                "description": "",
                "from_port": 22,
                "ipv6_cidr_blocks": [],
                "prefix_list_ids": [],
                "protocol": "tcp",
                "security_groups": [],
                "self": false,
                "to_port": 22
              },
              {
                "cidr_blocks": [
                  "0.0.0.0/0"
                ],
                "description": "",
                "from_port": 80,
                "ipv6_cidr_blocks": [],
                "prefix_list_ids": [],
                "protocol": "tcp",
                "security_groups": [],
                "self": false,
                "to_port": 80
              }
            ],
            "name": "nilesh webserver2 http by terraform",
            "name_prefix": null,
            "owner_id": "671609384939",
            "revoke_rules_on_delete": false,
            "tags": null,
            "timeouts": null,
            "vpc_id": "vpc-3345b25a"
          },
          "private": "eyJlMmJmYjczMC1lY2FhLTExZTYtOGY4OC0zNDM2M2JjN2M0YzAiOnsiY3JlYXRlIjo2MDAwMDAwMDAwMDAsImRlbGV0ZSI6NjAwMDAwMDAwMDAwfSwic2NoZW1hX3ZlcnNpb24iOiIxIn0="
        }
      ]
    },
    {
      "mode": "managed",
      "type": "aws_subnet",
      "name": "sub_one",
      "provider": "provider.aws",
      "instances": [
        {
          "schema_version": 1,
          "attributes": {
            "arn": "arn:aws:ec2:ap-south-1:671609384939:subnet/subnet-0a8df56f93895ad7c",
            "assign_ipv6_address_on_creation": false,
            "availability_zone": "ap-south-1c",
            "availability_zone_id": "aps1-az2",
            "cidr_block": "10.0.1.0/24",
            "id": "subnet-0a8df56f93895ad7c",
            "ipv6_cidr_block": "",
            "ipv6_cidr_block_association_id": "",
            "map_public_ip_on_launch": false,
            "owner_id": "671609384939",
            "tags": {
              "Name": "subone_by_terra"
            },
            "timeouts": null,
            "vpc_id": "vpc-059bc6faffe0a61a9"
          },
          "private": "eyJlMmJmYjczMC1lY2FhLTExZTYtOGY4OC0zNDM2M2JjN2M0YzAiOnsiY3JlYXRlIjo2MDAwMDAwMDAwMDAsImRlbGV0ZSI6MTIwMDAwMDAwMDAwMH0sInNjaGVtYV92ZXJzaW9uIjoiMSJ9",
          "dependencies": [
            "aws_vpc.vpc_by_terra"
          ]
        }
      ]
    },
    {
      "mode": "managed",
      "type": "aws_vpc",
      "name": "vpc_by_terra",
      "provider": "provider.aws",
      "instances": [
        {
          "schema_version": 1,
          "attributes": {
            "arn": "arn:aws:ec2:ap-south-1:671609384939:vpc/vpc-059bc6faffe0a61a9",
            "assign_generated_ipv6_cidr_block": false,
            "cidr_block": "10.0.0.0/16",
            "default_network_acl_id": "acl-0557ce6c43d989ece",
            "default_route_table_id": "rtb-08cb5972484897338",
            "default_security_group_id": "sg-0d08ed394661cd782",
            "dhcp_options_id": "dopt-a915e3c0",
            "enable_classiclink": null,
            "enable_classiclink_dns_support": null,
            "enable_dns_hostnames": false,
            "enable_dns_support": true,
            "id": "vpc-059bc6faffe0a61a9",
            "instance_tenancy": "default",
            "ipv6_association_id": "",
            "ipv6_cidr_block": "",
            "main_route_table_id": "rtb-08cb5972484897338",
            "owner_id": "671609384939",
            "tags": {
              "Name": "terraform_vpc"
            }
          },
          "private": "eyJzY2hlbWFfdmVyc2lvbiI6IjEifQ=="
        }
      ]
    }
  ]
}
